
Microsoft Visual Studio Solution File, Format Version 12.00
# Visual Studio Version 17
VisualStudioVersion = 17.0.31903.59
MinimumVisualStudioVersion = 10.0.40219.1
Project("{2150E333-8FDC-42A3-9474-1A3956D46DE8}") = "src", "src", "{8B7C2B3D-B0D0-4F9D-AE77-216685C3FB98}"
EndProject
Project("{FAE04EC0-301F-11D3-BF4B-00C04F79EFBC}") = "AirCombat", "src\AirCombat\AirCombat.csproj", "{79A0DCCE-4B9B-48C6-9209-AF34E6C196DF}"
EndProject
Global
	GlobalSection(SolutionConfigurationPlatforms) = preSolution
		Debug|Any CPU = Debug|Any CPU
		Release|Any CPU = Release|Any CPU
	EndGlobalSection
	GlobalSection(ProjectConfigurationPlatforms) = postSolution
		{79A0DCCE-4B9B-48C6-9209-AF34E6C196DF}.Debug|Any CPU.ActiveCfg = Debug|Any CPU
		{79A0DCCE-4B9B-48C6-9209-AF34E6C196DF}.Debug|Any CPU.Build.0 = Debug|Any CPU
		{79A0DCCE-4B9B-48C6-9209-AF34E6C196DF}.Release|Any CPU.ActiveCfg = Release|Any CPU
		{79A0DCCE-4B9B-48C6-9209-AF34E6C196DF}.Release|Any CPU.Build.0 = Release|Any CPU
	EndGlobalSection
	GlobalSection(SolutionProperties) = preSolution
		HideSolutionNode = FALSE
	EndGlobalSection
	GlobalSection(NestedProjects) = preSolution
		{79A0DCCE-4B9B-48C6-9209-AF34E6C196DF} = {8B7C2B3D-B0D0-4F9D-AE77-216685C3FB98}
	EndGlobalSection
	GlobalSection(ExtensibilityGlobals) = postSolution
		SolutionGuid = {65C42245-B38B-4418-AA1F-AAB27E14DF0C}
	EndGlobalSection
EndGlobal
