
Microsoft Visual Studio Solution File, Format Version 12.00
# Visual Studio Version 17
VisualStudioVersion = 17.3.32929.385
MinimumVisualStudioVersion = 10.0.40219.1
Project("{FAE04EC0-301F-11D3-BF4B-00C04F79EFBC}") = "DI Pattern", "DI Pattern\DI Pattern.csproj", "{FE6CB216-27CC-45A3-BD33-257884DBCF5A}"
EndProject
Global
	GlobalSection(SolutionConfigurationPlatforms) = preSolution
		Debug|Any CPU = Debug|Any CPU
		Release|Any CPU = Release|Any CPU
	EndGlobalSection
	GlobalSection(ProjectConfigurationPlatforms) = postSolution
		{FE6CB216-27CC-45A3-BD33-257884DBCF5A}.Debug|Any CPU.ActiveCfg = Debug|Any CPU
		{FE6CB216-27CC-45A3-BD33-257884DBCF5A}.Debug|Any CPU.Build.0 = Debug|Any CPU
		{FE6CB216-27CC-45A3-BD33-257884DBCF5A}.Release|Any CPU.ActiveCfg = Release|Any CPU
		{FE6CB216-27CC-45A3-BD33-257884DBCF5A}.Release|Any CPU.Build.0 = Release|Any CPU
	EndGlobalSection
	GlobalSection(SolutionProperties) = preSolution
		HideSolutionNode = FALSE
	EndGlobalSection
	GlobalSection(ExtensibilityGlobals) = postSolution
		SolutionGuid = {B582D242-3576-4ACB-8820-0A7D00217D57}
	EndGlobalSection
EndGlobal
