
Microsoft Visual Studio Solution File, Format Version 12.00
# Visual Studio Version 17
VisualStudioVersion = 17.3.32929.385
MinimumVisualStudioVersion = 10.0.40219.1
Project("{9A19103F-16F7-4668-BE54-9A1E7A4F7556}") = "08. Strategy", "08. Strategy\08. Strategy.csproj", "{0E00F3E1-E524-464D-8D4F-534E9EAFD06E}"
EndProject
Project("{9A19103F-16F7-4668-BE54-9A1E7A4F7556}") = "10. Template Method", "10. Template Method\10. Template Method.csproj", "{2540012B-58E7-49F6-A064-CCF7765D1DF0}"
EndProject
Project("{9A19103F-16F7-4668-BE54-9A1E7A4F7556}") = "06. Observer", "06. Observer\06. Observer.csproj", "{EF8AFA4D-CD78-4C0B-8130-AC2F9B47D4AE}"
EndProject
Project("{FAE04EC0-301F-11D3-BF4B-00C04F79EFBC}") = "01. Chain of Responsibility", "01. Chain of Responsibility\01. Chain of Responsibility.csproj", "{B19C0403-C1AC-47C4-9187-DF413FA23F88}"
EndProject
Project("{FAE04EC0-301F-11D3-BF4B-00C04F79EFBC}") = "02. Iterator", "02. Iterator\02. Iterator.csproj", "{E98A7203-F185-440C-9147-B2B84FC9FBEF}"
EndProject
Project("{FAE04EC0-301F-11D3-BF4B-00C04F79EFBC}") = "03. Command", "03. Command\03. Command.csproj", "{7AD30B0B-6CD3-4DE3-8941-7B178258E8B4}"
EndProject
Project("{FAE04EC0-301F-11D3-BF4B-00C04F79EFBC}") = "04. Mediator", "04. Mediator\04. Mediator.csproj", "{70B5E164-4B3F-415C-83D4-4F7E59D007BB}"
EndProject
Project("{FAE04EC0-301F-11D3-BF4B-00C04F79EFBC}") = "05. Memento", "05. Memento\05. Memento.csproj", "{56BAA15F-6807-4CD3-A5C1-E9003FE4E05A}"
EndProject
Project("{FAE04EC0-301F-11D3-BF4B-00C04F79EFBC}") = "07. Visitor", "07. Visitor\07. Visitor.csproj", "{71305145-4204-493D-9E36-43E8A9BCFDC2}"
EndProject
Project("{FAE04EC0-301F-11D3-BF4B-00C04F79EFBC}") = "09. State", "09. State\09. State.csproj", "{2DE7E6C1-C660-4FE8-9913-97FD5D1370E1}"
EndProject
Project("{FAE04EC0-301F-11D3-BF4B-00C04F79EFBC}") = "09. State.Tests", "09. State.Tests\09. State.Tests.csproj", "{7B715C4A-7249-461D-A704-15C1A6B02B61}"
EndProject
Global
	GlobalSection(SolutionConfigurationPlatforms) = preSolution
		Debug|Any CPU = Debug|Any CPU
		Release|Any CPU = Release|Any CPU
	EndGlobalSection
	GlobalSection(ProjectConfigurationPlatforms) = postSolution
		{0E00F3E1-E524-464D-8D4F-534E9EAFD06E}.Debug|Any CPU.ActiveCfg = Debug|Any CPU
		{0E00F3E1-E524-464D-8D4F-534E9EAFD06E}.Debug|Any CPU.Build.0 = Debug|Any CPU
		{0E00F3E1-E524-464D-8D4F-534E9EAFD06E}.Release|Any CPU.ActiveCfg = Release|Any CPU
		{0E00F3E1-E524-464D-8D4F-534E9EAFD06E}.Release|Any CPU.Build.0 = Release|Any CPU
		{2540012B-58E7-49F6-A064-CCF7765D1DF0}.Debug|Any CPU.ActiveCfg = Debug|Any CPU
		{2540012B-58E7-49F6-A064-CCF7765D1DF0}.Debug|Any CPU.Build.0 = Debug|Any CPU
		{2540012B-58E7-49F6-A064-CCF7765D1DF0}.Release|Any CPU.ActiveCfg = Release|Any CPU
		{2540012B-58E7-49F6-A064-CCF7765D1DF0}.Release|Any CPU.Build.0 = Release|Any CPU
		{EF8AFA4D-CD78-4C0B-8130-AC2F9B47D4AE}.Debug|Any CPU.ActiveCfg = Debug|Any CPU
		{EF8AFA4D-CD78-4C0B-8130-AC2F9B47D4AE}.Debug|Any CPU.Build.0 = Debug|Any CPU
		{EF8AFA4D-CD78-4C0B-8130-AC2F9B47D4AE}.Release|Any CPU.ActiveCfg = Release|Any CPU
		{EF8AFA4D-CD78-4C0B-8130-AC2F9B47D4AE}.Release|Any CPU.Build.0 = Release|Any CPU
		{B19C0403-C1AC-47C4-9187-DF413FA23F88}.Debug|Any CPU.ActiveCfg = Debug|Any CPU
		{B19C0403-C1AC-47C4-9187-DF413FA23F88}.Debug|Any CPU.Build.0 = Debug|Any CPU
		{B19C0403-C1AC-47C4-9187-DF413FA23F88}.Release|Any CPU.ActiveCfg = Release|Any CPU
		{B19C0403-C1AC-47C4-9187-DF413FA23F88}.Release|Any CPU.Build.0 = Release|Any CPU
		{E98A7203-F185-440C-9147-B2B84FC9FBEF}.Debug|Any CPU.ActiveCfg = Debug|Any CPU
		{E98A7203-F185-440C-9147-B2B84FC9FBEF}.Debug|Any CPU.Build.0 = Debug|Any CPU
		{E98A7203-F185-440C-9147-B2B84FC9FBEF}.Release|Any CPU.ActiveCfg = Release|Any CPU
		{E98A7203-F185-440C-9147-B2B84FC9FBEF}.Release|Any CPU.Build.0 = Release|Any CPU
		{7AD30B0B-6CD3-4DE3-8941-7B178258E8B4}.Debug|Any CPU.ActiveCfg = Debug|Any CPU
		{7AD30B0B-6CD3-4DE3-8941-7B178258E8B4}.Debug|Any CPU.Build.0 = Debug|Any CPU
		{7AD30B0B-6CD3-4DE3-8941-7B178258E8B4}.Release|Any CPU.ActiveCfg = Release|Any CPU
		{7AD30B0B-6CD3-4DE3-8941-7B178258E8B4}.Release|Any CPU.Build.0 = Release|Any CPU
		{70B5E164-4B3F-415C-83D4-4F7E59D007BB}.Debug|Any CPU.ActiveCfg = Debug|Any CPU
		{70B5E164-4B3F-415C-83D4-4F7E59D007BB}.Debug|Any CPU.Build.0 = Debug|Any CPU
		{70B5E164-4B3F-415C-83D4-4F7E59D007BB}.Release|Any CPU.ActiveCfg = Release|Any CPU
		{70B5E164-4B3F-415C-83D4-4F7E59D007BB}.Release|Any CPU.Build.0 = Release|Any CPU
		{56BAA15F-6807-4CD3-A5C1-E9003FE4E05A}.Debug|Any CPU.ActiveCfg = Debug|Any CPU
		{56BAA15F-6807-4CD3-A5C1-E9003FE4E05A}.Debug|Any CPU.Build.0 = Debug|Any CPU
		{56BAA15F-6807-4CD3-A5C1-E9003FE4E05A}.Release|Any CPU.ActiveCfg = Release|Any CPU
		{56BAA15F-6807-4CD3-A5C1-E9003FE4E05A}.Release|Any CPU.Build.0 = Release|Any CPU
		{71305145-4204-493D-9E36-43E8A9BCFDC2}.Debug|Any CPU.ActiveCfg = Debug|Any CPU
		{71305145-4204-493D-9E36-43E8A9BCFDC2}.Debug|Any CPU.Build.0 = Debug|Any CPU
		{71305145-4204-493D-9E36-43E8A9BCFDC2}.Release|Any CPU.ActiveCfg = Release|Any CPU
		{71305145-4204-493D-9E36-43E8A9BCFDC2}.Release|Any CPU.Build.0 = Release|Any CPU
		{2DE7E6C1-C660-4FE8-9913-97FD5D1370E1}.Debug|Any CPU.ActiveCfg = Debug|Any CPU
		{2DE7E6C1-C660-4FE8-9913-97FD5D1370E1}.Debug|Any CPU.Build.0 = Debug|Any CPU
		{2DE7E6C1-C660-4FE8-9913-97FD5D1370E1}.Release|Any CPU.ActiveCfg = Release|Any CPU
		{2DE7E6C1-C660-4FE8-9913-97FD5D1370E1}.Release|Any CPU.Build.0 = Release|Any CPU
		{7B715C4A-7249-461D-A704-15C1A6B02B61}.Debug|Any CPU.ActiveCfg = Debug|Any CPU
		{7B715C4A-7249-461D-A704-15C1A6B02B61}.Debug|Any CPU.Build.0 = Debug|Any CPU
		{7B715C4A-7249-461D-A704-15C1A6B02B61}.Release|Any CPU.ActiveCfg = Release|Any CPU
		{7B715C4A-7249-461D-A704-15C1A6B02B61}.Release|Any CPU.Build.0 = Release|Any CPU
	EndGlobalSection
	GlobalSection(SolutionProperties) = preSolution
		HideSolutionNode = FALSE
	EndGlobalSection
	GlobalSection(ExtensibilityGlobals) = postSolution
		SolutionGuid = {22A4D389-1465-4FB4-9DC9-BD8639EED3C4}
	EndGlobalSection
EndGlobal
