
Microsoft Visual Studio Solution File, Format Version 12.00
# Visual Studio Version 17
VisualStudioVersion = 17.0.31903.59
MinimumVisualStudioVersion = 10.0.40219.1
Project("{9A19103F-16F7-4668-BE54-9A1E7A4F7556}") = "CQRS", "CQRS.csproj", "{A78A0936-608E-423F-9738-DF346321568B}"
EndProject
Global
	GlobalSection(SolutionConfigurationPlatforms) = preSolution
		Debug|Any CPU = Debug|Any CPU
		Release|Any CPU = Release|Any CPU
	EndGlobalSection
	GlobalSection(ProjectConfigurationPlatforms) = postSolution
		{A78A0936-608E-423F-9738-DF346321568B}.Debug|Any CPU.ActiveCfg = Debug|Any CPU
		{A78A0936-608E-423F-9738-DF346321568B}.Debug|Any CPU.Build.0 = Debug|Any CPU
		{A78A0936-608E-423F-9738-DF346321568B}.Release|Any CPU.ActiveCfg = Release|Any CPU
		{A78A0936-608E-423F-9738-DF346321568B}.Release|Any CPU.Build.0 = Release|Any CPU
	EndGlobalSection
	GlobalSection(SolutionProperties) = preSolution
		HideSolutionNode = FALSE
	EndGlobalSection
	GlobalSection(ExtensibilityGlobals) = postSolution
		SolutionGuid = {A1EF1260-20A3-4845-8B32-42C85E25634F}
	EndGlobalSection
EndGlobal
