
Microsoft Visual Studio Solution File, Format Version 12.00
# Visual Studio Version 17
VisualStudioVersion = 17.0.31903.59
MinimumVisualStudioVersion = 10.0.40219.1
Project("{9A19103F-16F7-4668-BE54-9A1E7A4F7556}") = "ValueObjectDemo", "ValueObjectDemo.csproj", "{011F9C7E-9A88-47A6-A630-B8AD2FA54FC7}"
EndProject
Global
	GlobalSection(SolutionConfigurationPlatforms) = preSolution
		Debug|Any CPU = Debug|Any CPU
		Release|Any CPU = Release|Any CPU
	EndGlobalSection
	GlobalSection(ProjectConfigurationPlatforms) = postSolution
		{011F9C7E-9A88-47A6-A630-B8AD2FA54FC7}.Debug|Any CPU.ActiveCfg = Debug|Any CPU
		{011F9C7E-9A88-47A6-A630-B8AD2FA54FC7}.Debug|Any CPU.Build.0 = Debug|Any CPU
		{011F9C7E-9A88-47A6-A630-B8AD2FA54FC7}.Release|Any CPU.ActiveCfg = Release|Any CPU
		{011F9C7E-9A88-47A6-A630-B8AD2FA54FC7}.Release|Any CPU.Build.0 = Release|Any CPU
	EndGlobalSection
	GlobalSection(SolutionProperties) = preSolution
		HideSolutionNode = FALSE
	EndGlobalSection
	GlobalSection(ExtensibilityGlobals) = postSolution
		SolutionGuid = {27517A21-7044-48E9-9D58-71315C0434FA}
	EndGlobalSection
EndGlobal
