
Microsoft Visual Studio Solution File, Format Version 12.00
# Visual Studio Version 17
VisualStudioVersion = 17.0.31903.59
MinimumVisualStudioVersion = 10.0.40219.1
Project("{FAE04EC0-301F-11D3-BF4B-00C04F79EFBC}") = "IdentityBasedEquality", "IdentityBasedEquality\IdentityBasedEquality.csproj", "{6B001094-7240-4D5D-B074-2AE7CA07A193}"
EndProject
Global
	GlobalSection(SolutionConfigurationPlatforms) = preSolution
		Debug|Any CPU = Debug|Any CPU
		Release|Any CPU = Release|Any CPU
	EndGlobalSection
	GlobalSection(ProjectConfigurationPlatforms) = postSolution
		{6B001094-7240-4D5D-B074-2AE7CA07A193}.Debug|Any CPU.ActiveCfg = Debug|Any CPU
		{6B001094-7240-4D5D-B074-2AE7CA07A193}.Debug|Any CPU.Build.0 = Debug|Any CPU
		{6B001094-7240-4D5D-B074-2AE7CA07A193}.Release|Any CPU.ActiveCfg = Release|Any CPU
		{6B001094-7240-4D5D-B074-2AE7CA07A193}.Release|Any CPU.Build.0 = Release|Any CPU
	EndGlobalSection
	GlobalSection(SolutionProperties) = preSolution
		HideSolutionNode = FALSE
	EndGlobalSection
	GlobalSection(ExtensibilityGlobals) = postSolution
		SolutionGuid = {5BBC7F89-816E-48B1-827E-B4CADCD546A0}
	EndGlobalSection
EndGlobal
